{
  "version": "3",
  "packages": {
    "specifiers": {
      "npm:tiny-invariant@1.3.3": "npm:tiny-invariant@1.3.3"
    },
    "npm": {
      "tiny-invariant@1.3.3": {
        "integrity": "sha512-+FbBPE1o9QAYvviau/qC5SE3caw21q3xkvWKBtja5vgqOWIHHJ3ioaq1VPfn/Szqctz2bU/oYeKd9/z5BL+PVg==",
        "dependencies": {}
      }
    }
  },
  "remote": {},
  "workspace": {
    "dependencies": [
      "npm:tiny-invariant@1.3.3"
    ]
  }
}
